
Microsoft Visual Studio Solution File, Format Version 12.00
# Visual Studio 15
VisualStudioVersion = 15.0.28307.572
MinimumVisualStudioVersion = 10.0.40219.1
Project("{9A19103F-16F7-4668-BE54-9A1E7A4F7556}") = "Bryllite.Util", "Bryllite.Util\Bryllite.Util.csproj", "{798929CE-A6AF-4C7D-B88B-168F2D4598B7}"
EndProject
Project("{9A19103F-16F7-4668-BE54-9A1E7A4F7556}") = "Bryllite.Util.Payloads", "Bryllite.Util.Payload\Bryllite.Util.Payloads.csproj", "{8B6941C5-41A4-44D1-B6F6-730BB5B9CC1D}"
EndProject
Project("{9A19103F-16F7-4668-BE54-9A1E7A4F7556}") = "Bryllite.Core.Crypto", "Bryllite.Core.Crypto\Bryllite.Core.Crypto.csproj", "{A255D9E1-C184-498D-8BF8-A4DEB233546F}"
EndProject
Project("{9A19103F-16F7-4668-BE54-9A1E7A4F7556}") = "Bryllite.Core.Hash", "Bryllite.Core.Hash\Bryllite.Core.Hash.csproj", "{2F3CBBB8-D13D-4132-99FE-22E8E05AC980}"
EndProject
Project("{9A19103F-16F7-4668-BE54-9A1E7A4F7556}") = "Bryllite.Core.Key", "Bryllite.Core.Key\Bryllite.Core.Key.csproj", "{1EE3110C-41B1-420C-9E58-6428ABA41381}"
EndProject
Project("{9A19103F-16F7-4668-BE54-9A1E7A4F7556}") = "Bryllite.Net.Elastic", "Bryllite.Net.Elastic\Bryllite.Net.Elastic.csproj", "{C95797D0-560F-4E7D-9C25-8D4AEA29B94B}"
EndProject
Project("{9A19103F-16F7-4668-BE54-9A1E7A4F7556}") = "Bryllite.Net.Tcp.Client", "Bryllite.Net.Tcp.Client\Bryllite.Net.Tcp.Client.csproj", "{A48288D5-749C-4B33-B1BF-63B9A1C1CD32}"
EndProject
Project("{9A19103F-16F7-4668-BE54-9A1E7A4F7556}") = "Bryllite.Net.Tcp.Server", "Bryllite.Net.Tcp.Server\Bryllite.Net.Tcp.Server.csproj", "{B7B14662-C761-412A-95D6-A8055671CA26}"
EndProject
Project("{9A19103F-16F7-4668-BE54-9A1E7A4F7556}") = "Bryllite.Net.Tcp.Session", "Bryllite.Net.Tcp.Session\Bryllite.Net.Tcp.Session.csproj", "{D2F55B60-FF46-4077-84B4-49297C4193E7}"
EndProject
Project("{9A19103F-16F7-4668-BE54-9A1E7A4F7556}") = "Bryllite.Util.Pbkdf", "Bryllite.Util.Pbkdf\Bryllite.Util.Pbkdf.csproj", "{E218AAA0-304C-43F6-9228-8D4AD3577F50}"
EndProject
Project("{2150E333-8FDC-42A3-9474-1A3956D46DE8}") = "Util", "Util", "{410EC08C-7CA0-450F-855E-B17198737751}"
EndProject
Project("{2150E333-8FDC-42A3-9474-1A3956D46DE8}") = "Core", "Core", "{B7C78DD3-ABBD-4EF6-A220-C467827672EC}"
EndProject
Project("{2150E333-8FDC-42A3-9474-1A3956D46DE8}") = "Net", "Net", "{6BE65FA4-4417-4E0E-8D12-5B9C8B79456B}"
EndProject
Project("{2150E333-8FDC-42A3-9474-1A3956D46DE8}") = "Apps", "Apps", "{E946F834-D821-474C-BAA3-F697388BC481}"
EndProject
Project("{9A19103F-16F7-4668-BE54-9A1E7A4F7556}") = "Bryllite.Net.Messages", "Bryllite.Net.Messages\Bryllite.Net.Messages.csproj", "{3B86B32C-EFA8-44BC-912F-392F456BF97C}"
EndProject
Project("{2150E333-8FDC-42A3-9474-1A3956D46DE8}") = "Tests", "Tests", "{5101B7A7-871E-4EBD-A69A-430D339D5BBE}"
EndProject
Project("{9A19103F-16F7-4668-BE54-9A1E7A4F7556}") = "Bryllite.Util.Payloads.Tests", "Bryllite.Util.Payloads.Tests\Bryllite.Util.Payloads.Tests.csproj", "{1AA897DC-F0AD-43BE-AE58-B5E9345E6919}"
EndProject
Project("{9A19103F-16F7-4668-BE54-9A1E7A4F7556}") = "Bryllite.Net.Messages.Tests", "Bryllite.Net.Messages.Tests\Bryllite.Net.Messages.Tests.csproj", "{C29E2611-C64D-4D84-9D75-3C98B4FC2D7E}"
EndProject
Project("{9A19103F-16F7-4668-BE54-9A1E7A4F7556}") = "Bryllite.Util.CommandLine", "Bryllite.Util.CommandLineParser\Bryllite.Util.CommandLine.csproj", "{7116C8C8-9C2D-4D8E-9173-CDE441B9EAA2}"
EndProject
Project("{9A19103F-16F7-4668-BE54-9A1E7A4F7556}") = "Bryllite.Util.CommandLineParsers.Tests", "Bryllite.Util.CommandLineParsers.Tests\Bryllite.Util.CommandLineParsers.Tests.csproj", "{E3867B65-E301-40B2-8A1C-105B0575C515}"
EndProject
Project("{9A19103F-16F7-4668-BE54-9A1E7A4F7556}") = "Bryllite.App.ElasticNodeServiceApp", "Bryllite.App.ElasticNodeServiceApp\Bryllite.App.ElasticNodeServiceApp.csproj", "{0B4C2DFF-1DA3-4BD5-A7CA-11F23447A47C}"
EndProject
Project("{9A19103F-16F7-4668-BE54-9A1E7A4F7556}") = "Bryllite.MemoryLeaks.Tests", "Bryllite.MemoryLeaks.Tests\Bryllite.MemoryLeaks.Tests.csproj", "{D5AE9969-96E6-4FCD-AD18-86B5F1E005CA}"
EndProject
Project("{9A19103F-16F7-4668-BE54-9A1E7A4F7556}") = "Bryllite.App.PeerListServiceApp", "Bryllite.App.PeerListServiceApp\Bryllite.App.PeerListServiceApp.csproj", "{74FAC9DF-9C9E-4510-A2F9-9D3BE93D07CD}"
EndProject
Project("{FAE04EC0-301F-11D3-BF4B-00C04F79EFBC}") = "Bryllite.Net.Tcp.Server.Tests", "Bryllite.Net.Tcp.Server.Tests\Bryllite.Net.Tcp.Server.Tests.csproj", "{4ED91EA5-2EFC-440A-A129-141E66913179}"
EndProject
Project("{FAE04EC0-301F-11D3-BF4B-00C04F79EFBC}") = "Bryllite.Net.Tcp.Client.Tests", "Bryllite.Net.Tcp.Client.Tests\Bryllite.Net.Tcp.Client.Tests.csproj", "{B6CE2664-93F0-43CF-9D00-F32869EDC17C}"
EndProject
Global
	GlobalSection(SolutionConfigurationPlatforms) = preSolution
		Debug|Any CPU = Debug|Any CPU
		Release|Any CPU = Release|Any CPU
	EndGlobalSection
	GlobalSection(ProjectConfigurationPlatforms) = postSolution
		{798929CE-A6AF-4C7D-B88B-168F2D4598B7}.Debug|Any CPU.ActiveCfg = Debug|Any CPU
		{798929CE-A6AF-4C7D-B88B-168F2D4598B7}.Debug|Any CPU.Build.0 = Debug|Any CPU
		{798929CE-A6AF-4C7D-B88B-168F2D4598B7}.Release|Any CPU.ActiveCfg = Release|Any CPU
		{798929CE-A6AF-4C7D-B88B-168F2D4598B7}.Release|Any CPU.Build.0 = Release|Any CPU
		{8B6941C5-41A4-44D1-B6F6-730BB5B9CC1D}.Debug|Any CPU.ActiveCfg = Debug|Any CPU
		{8B6941C5-41A4-44D1-B6F6-730BB5B9CC1D}.Debug|Any CPU.Build.0 = Debug|Any CPU
		{8B6941C5-41A4-44D1-B6F6-730BB5B9CC1D}.Release|Any CPU.ActiveCfg = Release|Any CPU
		{8B6941C5-41A4-44D1-B6F6-730BB5B9CC1D}.Release|Any CPU.Build.0 = Release|Any CPU
		{A255D9E1-C184-498D-8BF8-A4DEB233546F}.Debug|Any CPU.ActiveCfg = Debug|Any CPU
		{A255D9E1-C184-498D-8BF8-A4DEB233546F}.Debug|Any CPU.Build.0 = Debug|Any CPU
		{A255D9E1-C184-498D-8BF8-A4DEB233546F}.Release|Any CPU.ActiveCfg = Release|Any CPU
		{A255D9E1-C184-498D-8BF8-A4DEB233546F}.Release|Any CPU.Build.0 = Release|Any CPU
		{2F3CBBB8-D13D-4132-99FE-22E8E05AC980}.Debug|Any CPU.ActiveCfg = Debug|Any CPU
		{2F3CBBB8-D13D-4132-99FE-22E8E05AC980}.Debug|Any CPU.Build.0 = Debug|Any CPU
		{2F3CBBB8-D13D-4132-99FE-22E8E05AC980}.Release|Any CPU.ActiveCfg = Release|Any CPU
		{2F3CBBB8-D13D-4132-99FE-22E8E05AC980}.Release|Any CPU.Build.0 = Release|Any CPU
		{1EE3110C-41B1-420C-9E58-6428ABA41381}.Debug|Any CPU.ActiveCfg = Debug|Any CPU
		{1EE3110C-41B1-420C-9E58-6428ABA41381}.Debug|Any CPU.Build.0 = Debug|Any CPU
		{1EE3110C-41B1-420C-9E58-6428ABA41381}.Release|Any CPU.ActiveCfg = Release|Any CPU
		{1EE3110C-41B1-420C-9E58-6428ABA41381}.Release|Any CPU.Build.0 = Release|Any CPU
		{C95797D0-560F-4E7D-9C25-8D4AEA29B94B}.Debug|Any CPU.ActiveCfg = Debug|Any CPU
		{C95797D0-560F-4E7D-9C25-8D4AEA29B94B}.Debug|Any CPU.Build.0 = Debug|Any CPU
		{C95797D0-560F-4E7D-9C25-8D4AEA29B94B}.Release|Any CPU.ActiveCfg = Release|Any CPU
		{C95797D0-560F-4E7D-9C25-8D4AEA29B94B}.Release|Any CPU.Build.0 = Release|Any CPU
		{A48288D5-749C-4B33-B1BF-63B9A1C1CD32}.Debug|Any CPU.ActiveCfg = Debug|Any CPU
		{A48288D5-749C-4B33-B1BF-63B9A1C1CD32}.Debug|Any CPU.Build.0 = Debug|Any CPU
		{A48288D5-749C-4B33-B1BF-63B9A1C1CD32}.Release|Any CPU.ActiveCfg = Release|Any CPU
		{A48288D5-749C-4B33-B1BF-63B9A1C1CD32}.Release|Any CPU.Build.0 = Release|Any CPU
		{B7B14662-C761-412A-95D6-A8055671CA26}.Debug|Any CPU.ActiveCfg = Debug|Any CPU
		{B7B14662-C761-412A-95D6-A8055671CA26}.Debug|Any CPU.Build.0 = Debug|Any CPU
		{B7B14662-C761-412A-95D6-A8055671CA26}.Release|Any CPU.ActiveCfg = Release|Any CPU
		{B7B14662-C761-412A-95D6-A8055671CA26}.Release|Any CPU.Build.0 = Release|Any CPU
		{D2F55B60-FF46-4077-84B4-49297C4193E7}.Debug|Any CPU.ActiveCfg = Debug|Any CPU
		{D2F55B60-FF46-4077-84B4-49297C4193E7}.Debug|Any CPU.Build.0 = Debug|Any CPU
		{D2F55B60-FF46-4077-84B4-49297C4193E7}.Release|Any CPU.ActiveCfg = Release|Any CPU
		{D2F55B60-FF46-4077-84B4-49297C4193E7}.Release|Any CPU.Build.0 = Release|Any CPU
		{E218AAA0-304C-43F6-9228-8D4AD3577F50}.Debug|Any CPU.ActiveCfg = Debug|Any CPU
		{E218AAA0-304C-43F6-9228-8D4AD3577F50}.Debug|Any CPU.Build.0 = Debug|Any CPU
		{E218AAA0-304C-43F6-9228-8D4AD3577F50}.Release|Any CPU.ActiveCfg = Release|Any CPU
		{E218AAA0-304C-43F6-9228-8D4AD3577F50}.Release|Any CPU.Build.0 = Release|Any CPU
		{3B86B32C-EFA8-44BC-912F-392F456BF97C}.Debug|Any CPU.ActiveCfg = Debug|Any CPU
		{3B86B32C-EFA8-44BC-912F-392F456BF97C}.Debug|Any CPU.Build.0 = Debug|Any CPU
		{3B86B32C-EFA8-44BC-912F-392F456BF97C}.Release|Any CPU.ActiveCfg = Release|Any CPU
		{3B86B32C-EFA8-44BC-912F-392F456BF97C}.Release|Any CPU.Build.0 = Release|Any CPU
		{1AA897DC-F0AD-43BE-AE58-B5E9345E6919}.Debug|Any CPU.ActiveCfg = Debug|Any CPU
		{1AA897DC-F0AD-43BE-AE58-B5E9345E6919}.Debug|Any CPU.Build.0 = Debug|Any CPU
		{1AA897DC-F0AD-43BE-AE58-B5E9345E6919}.Release|Any CPU.ActiveCfg = Release|Any CPU
		{1AA897DC-F0AD-43BE-AE58-B5E9345E6919}.Release|Any CPU.Build.0 = Release|Any CPU
		{C29E2611-C64D-4D84-9D75-3C98B4FC2D7E}.Debug|Any CPU.ActiveCfg = Debug|Any CPU
		{C29E2611-C64D-4D84-9D75-3C98B4FC2D7E}.Debug|Any CPU.Build.0 = Debug|Any CPU
		{C29E2611-C64D-4D84-9D75-3C98B4FC2D7E}.Release|Any CPU.ActiveCfg = Release|Any CPU
		{C29E2611-C64D-4D84-9D75-3C98B4FC2D7E}.Release|Any CPU.Build.0 = Release|Any CPU
		{7116C8C8-9C2D-4D8E-9173-CDE441B9EAA2}.Debug|Any CPU.ActiveCfg = Debug|Any CPU
		{7116C8C8-9C2D-4D8E-9173-CDE441B9EAA2}.Debug|Any CPU.Build.0 = Debug|Any CPU
		{7116C8C8-9C2D-4D8E-9173-CDE441B9EAA2}.Release|Any CPU.ActiveCfg = Release|Any CPU
		{7116C8C8-9C2D-4D8E-9173-CDE441B9EAA2}.Release|Any CPU.Build.0 = Release|Any CPU
		{E3867B65-E301-40B2-8A1C-105B0575C515}.Debug|Any CPU.ActiveCfg = Debug|Any CPU
		{E3867B65-E301-40B2-8A1C-105B0575C515}.Debug|Any CPU.Build.0 = Debug|Any CPU
		{E3867B65-E301-40B2-8A1C-105B0575C515}.Release|Any CPU.ActiveCfg = Release|Any CPU
		{E3867B65-E301-40B2-8A1C-105B0575C515}.Release|Any CPU.Build.0 = Release|Any CPU
		{0B4C2DFF-1DA3-4BD5-A7CA-11F23447A47C}.Debug|Any CPU.ActiveCfg = Debug|Any CPU
		{0B4C2DFF-1DA3-4BD5-A7CA-11F23447A47C}.Debug|Any CPU.Build.0 = Debug|Any CPU
		{0B4C2DFF-1DA3-4BD5-A7CA-11F23447A47C}.Release|Any CPU.ActiveCfg = Release|Any CPU
		{0B4C2DFF-1DA3-4BD5-A7CA-11F23447A47C}.Release|Any CPU.Build.0 = Release|Any CPU
		{D5AE9969-96E6-4FCD-AD18-86B5F1E005CA}.Debug|Any CPU.ActiveCfg = Debug|Any CPU
		{D5AE9969-96E6-4FCD-AD18-86B5F1E005CA}.Debug|Any CPU.Build.0 = Debug|Any CPU
		{D5AE9969-96E6-4FCD-AD18-86B5F1E005CA}.Release|Any CPU.ActiveCfg = Release|Any CPU
		{D5AE9969-96E6-4FCD-AD18-86B5F1E005CA}.Release|Any CPU.Build.0 = Release|Any CPU
		{74FAC9DF-9C9E-4510-A2F9-9D3BE93D07CD}.Debug|Any CPU.ActiveCfg = Debug|Any CPU
		{74FAC9DF-9C9E-4510-A2F9-9D3BE93D07CD}.Debug|Any CPU.Build.0 = Debug|Any CPU
		{74FAC9DF-9C9E-4510-A2F9-9D3BE93D07CD}.Release|Any CPU.ActiveCfg = Release|Any CPU
		{74FAC9DF-9C9E-4510-A2F9-9D3BE93D07CD}.Release|Any CPU.Build.0 = Release|Any CPU
		{4ED91EA5-2EFC-440A-A129-141E66913179}.Debug|Any CPU.ActiveCfg = Debug|Any CPU
		{4ED91EA5-2EFC-440A-A129-141E66913179}.Debug|Any CPU.Build.0 = Debug|Any CPU
		{4ED91EA5-2EFC-440A-A129-141E66913179}.Release|Any CPU.ActiveCfg = Release|Any CPU
		{4ED91EA5-2EFC-440A-A129-141E66913179}.Release|Any CPU.Build.0 = Release|Any CPU
		{B6CE2664-93F0-43CF-9D00-F32869EDC17C}.Debug|Any CPU.ActiveCfg = Debug|Any CPU
		{B6CE2664-93F0-43CF-9D00-F32869EDC17C}.Debug|Any CPU.Build.0 = Debug|Any CPU
		{B6CE2664-93F0-43CF-9D00-F32869EDC17C}.Release|Any CPU.ActiveCfg = Release|Any CPU
		{B6CE2664-93F0-43CF-9D00-F32869EDC17C}.Release|Any CPU.Build.0 = Release|Any CPU
	EndGlobalSection
	GlobalSection(SolutionProperties) = preSolution
		HideSolutionNode = FALSE
	EndGlobalSection
	GlobalSection(NestedProjects) = preSolution
		{798929CE-A6AF-4C7D-B88B-168F2D4598B7} = {410EC08C-7CA0-450F-855E-B17198737751}
		{8B6941C5-41A4-44D1-B6F6-730BB5B9CC1D} = {410EC08C-7CA0-450F-855E-B17198737751}
		{A255D9E1-C184-498D-8BF8-A4DEB233546F} = {B7C78DD3-ABBD-4EF6-A220-C467827672EC}
		{2F3CBBB8-D13D-4132-99FE-22E8E05AC980} = {B7C78DD3-ABBD-4EF6-A220-C467827672EC}
		{1EE3110C-41B1-420C-9E58-6428ABA41381} = {B7C78DD3-ABBD-4EF6-A220-C467827672EC}
		{C95797D0-560F-4E7D-9C25-8D4AEA29B94B} = {6BE65FA4-4417-4E0E-8D12-5B9C8B79456B}
		{A48288D5-749C-4B33-B1BF-63B9A1C1CD32} = {6BE65FA4-4417-4E0E-8D12-5B9C8B79456B}
		{B7B14662-C761-412A-95D6-A8055671CA26} = {6BE65FA4-4417-4E0E-8D12-5B9C8B79456B}
		{D2F55B60-FF46-4077-84B4-49297C4193E7} = {6BE65FA4-4417-4E0E-8D12-5B9C8B79456B}
		{E218AAA0-304C-43F6-9228-8D4AD3577F50} = {410EC08C-7CA0-450F-855E-B17198737751}
		{3B86B32C-EFA8-44BC-912F-392F456BF97C} = {6BE65FA4-4417-4E0E-8D12-5B9C8B79456B}
		{1AA897DC-F0AD-43BE-AE58-B5E9345E6919} = {5101B7A7-871E-4EBD-A69A-430D339D5BBE}
		{C29E2611-C64D-4D84-9D75-3C98B4FC2D7E} = {5101B7A7-871E-4EBD-A69A-430D339D5BBE}
		{7116C8C8-9C2D-4D8E-9173-CDE441B9EAA2} = {410EC08C-7CA0-450F-855E-B17198737751}
		{E3867B65-E301-40B2-8A1C-105B0575C515} = {5101B7A7-871E-4EBD-A69A-430D339D5BBE}
		{0B4C2DFF-1DA3-4BD5-A7CA-11F23447A47C} = {E946F834-D821-474C-BAA3-F697388BC481}
		{D5AE9969-96E6-4FCD-AD18-86B5F1E005CA} = {5101B7A7-871E-4EBD-A69A-430D339D5BBE}
		{74FAC9DF-9C9E-4510-A2F9-9D3BE93D07CD} = {E946F834-D821-474C-BAA3-F697388BC481}
		{4ED91EA5-2EFC-440A-A129-141E66913179} = {5101B7A7-871E-4EBD-A69A-430D339D5BBE}
		{B6CE2664-93F0-43CF-9D00-F32869EDC17C} = {5101B7A7-871E-4EBD-A69A-430D339D5BBE}
	EndGlobalSection
	GlobalSection(ExtensibilityGlobals) = postSolution
		SolutionGuid = {EBB79292-C5DB-44E4-818E-90C3148B4F3F}
	EndGlobalSection
EndGlobal
